<?xml version="1.0" encoding="utf-8"?>
<Project ToolsVersion="4.0" xmlns="http://schemas.microsoft.com/developer/msbuild/2003">
  <ItemGroup>
    <ClInclude Include="GameEngineCore.h" />
    <ClInclude Include="GameEngineActor.h">
      <Filter>Object</Filter>
    </ClInclude>
    <ClInclude Include="GameEngineLevel.h">
      <Filter>Object</Filter>
    </ClInclude>
    <ClInclude Include="GameEngineObject.h">
      <Filter>Object</Filter>
    </ClInclude>
    <ClInclude Include="GameEngineTexture.h">
      <Filter>Resauce</Filter>
    </ClInclude>
    <ClInclude Include="ResourcesManager.h">
      <Filter>Resauce</Filter>
    </ClInclude>
  </ItemGroup>
  <ItemGroup>
    <ClCompile Include="GameEngineCore.cpp" />
    <ClCompile Include="GameEngineActor.cpp">
      <Filter>Object</Filter>
    </ClCompile>
    <ClCompile Include="GameEngineLevel.cpp">
      <Filter>Object</Filter>
    </ClCompile>
    <ClCompile Include="GameEngineObject.cpp">
      <Filter>Object</Filter>
    </ClCompile>
    <ClCompile Include="GameEngineTexture.cpp">
      <Filter>Resauce</Filter>
    </ClCompile>
    <ClCompile Include="ResourcesManager.cpp">
      <Filter>Resauce</Filter>
    </ClCompile>
  </ItemGroup>
  <ItemGroup>
    <Filter Include="Object">
      <UniqueIdentifier>{795013be-39e7-42be-a35c-ebaa44ff3d8b}</UniqueIdentifier>
    </Filter>
    <Filter Include="Resauce">
      <UniqueIdentifier>{89685607-b886-44e4-aa91-694cac03a0db}</UniqueIdentifier>
    </Filter>
  </ItemGroup>
</Project>