<?xml version="1.0" encoding="utf-8"?>
<Project ToolsVersion="4.0" xmlns="http://schemas.microsoft.com/developer/msbuild/2003">
  <ItemGroup>
    <ClInclude Include="TitleLevel.h">
      <Filter>Level</Filter>
    </ClInclude>
    <ClInclude Include="EndingLevel.h">
      <Filter>Level</Filter>
    </ClInclude>
    <ClInclude Include="PlayLevel.h">
      <Filter>Level</Filter>
    </ClInclude>
    <ClInclude Include="ContentCore.h" />
    <ClInclude Include="BackGround.h">
      <Filter>Global</Filter>
    </ClInclude>
    <ClInclude Include="Player.h">
      <Filter>Global</Filter>
    </ClInclude>
    <ClInclude Include="ContentsEnum.h">
      <Filter>Global</Filter>
    </ClInclude>
    <ClInclude Include="Bullet.h">
      <Filter>Global</Filter>
    </ClInclude>
    <ClInclude Include="Monster.h">
      <Filter>Global</Filter>
    </ClInclude>
    <ClInclude Include="PlayActor.h" />
    <ClInclude Include="DefaultHeader.h" />
    <ClInclude Include="PlayUIManager.h">
      <Filter>Play</Filter>
    </ClInclude>
    <ClInclude Include="TitleLevel2.h">
      <Filter>Level</Filter>
    </ClInclude>
    <ClInclude Include="MrDark.h">
      <Filter>Global</Filter>
    </ClInclude>
    <ClInclude Include="BackGroundImage.h">
      <Filter>Global</Filter>
    </ClInclude>
    <ClInclude Include="GlobalValue.h">
      <Filter>Global</Filter>
    </ClInclude>
    <ClInclude Include="DarkRayman.h">
      <Filter>Global</Filter>
    </ClInclude>
    <ClInclude Include="FadeObject.h">
      <Filter>Global</Filter>
    </ClInclude>
    <ClInclude Include="GoalPoint.h">
      <Filter>Global</Filter>
    </ClInclude>
    <ClInclude Include="FadeObjectReverse.h">
      <Filter>Global</Filter>
    </ClInclude>
    <ClInclude Include="MapDeathArea.h">
      <Filter>Global</Filter>
    </ClInclude>
  </ItemGroup>
  <ItemGroup>
    <ClCompile Include="TitleLevel.cpp">
      <Filter>Level</Filter>
    </ClCompile>
    <ClCompile Include="EndingLevel.cpp">
      <Filter>Level</Filter>
    </ClCompile>
    <ClCompile Include="PlayLevel.cpp">
      <Filter>Level</Filter>
    </ClCompile>
    <ClCompile Include="ContentCore.cpp" />
    <ClCompile Include="BackGround.cpp">
      <Filter>Global</Filter>
    </ClCompile>
    <ClCompile Include="Player.cpp">
      <Filter>Global</Filter>
    </ClCompile>
    <ClCompile Include="Bullet.cpp">
      <Filter>Global</Filter>
    </ClCompile>
    <ClCompile Include="Player_State.cpp">
      <Filter>Global</Filter>
    </ClCompile>
    <ClCompile Include="Monster.cpp">
      <Filter>Global</Filter>
    </ClCompile>
    <ClCompile Include="PlayActor.cpp" />
    <ClCompile Include="PlayUIManager.cpp">
      <Filter>Play</Filter>
    </ClCompile>
    <ClCompile Include="TitleLevel2.cpp">
      <Filter>Level</Filter>
    </ClCompile>
    <ClCompile Include="MrDark.cpp">
      <Filter>Global</Filter>
    </ClCompile>
    <ClCompile Include="BackGroundImage.cpp">
      <Filter>Global</Filter>
    </ClCompile>
    <ClCompile Include="GlobalValue.cpp">
      <Filter>Global</Filter>
    </ClCompile>
    <ClCompile Include="DarkRayman.cpp">
      <Filter>Global</Filter>
    </ClCompile>
    <ClCompile Include="FadeObject.cpp">
      <Filter>Global</Filter>
    </ClCompile>
    <ClCompile Include="GoalPoint.cpp">
      <Filter>Global</Filter>
    </ClCompile>
    <ClCompile Include="FadeObjectReverse.cpp">
      <Filter>Global</Filter>
    </ClCompile>
    <ClCompile Include="MapDeathArea.cpp">
      <Filter>Global</Filter>
    </ClCompile>
  </ItemGroup>
  <ItemGroup>
    <Filter Include="Level">
      <UniqueIdentifier>{b7cca68c-5ba7-4be7-960e-398dba3d0ecd}</UniqueIdentifier>
    </Filter>
    <Filter Include="Global">
      <UniqueIdentifier>{d837136f-a0ad-4933-965c-0b1485f945ba}</UniqueIdentifier>
    </Filter>
    <Filter Include="Play">
      <UniqueIdentifier>{024a5cf4-f6f6-466b-a27d-13f5cb3bbdb1}</UniqueIdentifier>
    </Filter>
  </ItemGroup>
</Project>