
Microsoft Visual Studio Solution File, Format Version 12.00
# Visual Studio Version 17
VisualStudioVersion = 17.5.33414.496
MinimumVisualStudioVersion = 10.0.40219.1
Project("{8BC9CEB8-8B4A-11D0-8D11-00A0C91BC942}") = "GameEngineBase", "GameEngineBase\GameEngineBase.vcxproj", "{43E95582-82FC-46C5-A7CA-7D887CD0432B}"
EndProject
Project("{2150E333-8FDC-42A3-9474-1A3956D46DE8}") = "Level0", "Level0", "{7778518A-0FA1-49A5-B582-664717C17772}"
EndProject
Project("{8BC9CEB8-8B4A-11D0-8D11-00A0C91BC942}") = "GameEnginePlatform", "GameEnginePlatform\GameEnginePlatform.vcxproj", "{A4198B71-D72C-4C1A-9FA2-6A2A1290C0E7}"
	ProjectSection(ProjectDependencies) = postProject
		{43E95582-82FC-46C5-A7CA-7D887CD0432B} = {43E95582-82FC-46C5-A7CA-7D887CD0432B}
	EndProjectSection
EndProject
Project("{2150E333-8FDC-42A3-9474-1A3956D46DE8}") = "DOC", "DOC", "{80E519FA-0954-4228-A656-32C6C79BCE3C}"
	ProjectSection(SolutionItems) = preProject
		DC에 대한 이해.txt = DC에 대한 이해.txt
		Input.txt = Input.txt
		델타타임.txt = 델타타임.txt
		프로젝트 구성.txt = 프로젝트 구성.txt
	EndProjectSection
EndProject
Project("{2150E333-8FDC-42A3-9474-1A3956D46DE8}") = "Level1", "Level1", "{2BC5F6D3-6DD5-463A-BEFA-B689C699D9B7}"
EndProject
Project("{2150E333-8FDC-42A3-9474-1A3956D46DE8}") = "Level2", "Level2", "{4E1F5DC8-CB2C-4833-9DB8-200D51D0ECFF}"
EndProject
Project("{8BC9CEB8-8B4A-11D0-8D11-00A0C91BC942}") = "GameEngineCore", "GameEngineCore\GameEngineCore.vcxproj", "{25420802-CA45-42A3-9D95-42F2A0BD9D5B}"
	ProjectSection(ProjectDependencies) = postProject
		{43E95582-82FC-46C5-A7CA-7D887CD0432B} = {43E95582-82FC-46C5-A7CA-7D887CD0432B}
		{A4198B71-D72C-4C1A-9FA2-6A2A1290C0E7} = {A4198B71-D72C-4C1A-9FA2-6A2A1290C0E7}
	EndProjectSection
EndProject
Project("{2150E333-8FDC-42A3-9474-1A3956D46DE8}") = "Level3", "Level3", "{8CC31B61-91A3-4EE2-BA56-A729145DE7E1}"
EndProject
Project("{8BC9CEB8-8B4A-11D0-8D11-00A0C91BC942}") = "GameEngineContents", "GameEngineContents\GameEngineContents.vcxproj", "{C01F45AA-4D17-4F5E-8A65-81CC34F5FC66}"
	ProjectSection(ProjectDependencies) = postProject
		{25420802-CA45-42A3-9D95-42F2A0BD9D5B} = {25420802-CA45-42A3-9D95-42F2A0BD9D5B}
		{43E95582-82FC-46C5-A7CA-7D887CD0432B} = {43E95582-82FC-46C5-A7CA-7D887CD0432B}
		{A4198B71-D72C-4C1A-9FA2-6A2A1290C0E7} = {A4198B71-D72C-4C1A-9FA2-6A2A1290C0E7}
	EndProjectSection
EndProject
Project("{2150E333-8FDC-42A3-9474-1A3956D46DE8}") = "Level4", "Level4", "{6F281657-CC13-43F0-A2B7-DB8B4027DA55}"
EndProject
Project("{8BC9CEB8-8B4A-11D0-8D11-00A0C91BC942}") = "GameEngineApp", "GameEngineApp\GameEngineApp.vcxproj", "{8143011A-3EE0-43E8-863D-52E8FD3AF19A}"
	ProjectSection(ProjectDependencies) = postProject
		{25420802-CA45-42A3-9D95-42F2A0BD9D5B} = {25420802-CA45-42A3-9D95-42F2A0BD9D5B}
		{43E95582-82FC-46C5-A7CA-7D887CD0432B} = {43E95582-82FC-46C5-A7CA-7D887CD0432B}
		{A4198B71-D72C-4C1A-9FA2-6A2A1290C0E7} = {A4198B71-D72C-4C1A-9FA2-6A2A1290C0E7}
		{C01F45AA-4D17-4F5E-8A65-81CC34F5FC66} = {C01F45AA-4D17-4F5E-8A65-81CC34F5FC66}
	EndProjectSection
EndProject
Global
	GlobalSection(SolutionConfigurationPlatforms) = preSolution
		Debug|x64 = Debug|x64
		Debug|x86 = Debug|x86
		Release|x64 = Release|x64
		Release|x86 = Release|x86
	EndGlobalSection
	GlobalSection(ProjectConfigurationPlatforms) = postSolution
		{43E95582-82FC-46C5-A7CA-7D887CD0432B}.Debug|x64.ActiveCfg = Debug|x64
		{43E95582-82FC-46C5-A7CA-7D887CD0432B}.Debug|x64.Build.0 = Debug|x64
		{43E95582-82FC-46C5-A7CA-7D887CD0432B}.Debug|x86.ActiveCfg = Debug|Win32
		{43E95582-82FC-46C5-A7CA-7D887CD0432B}.Debug|x86.Build.0 = Debug|Win32
		{43E95582-82FC-46C5-A7CA-7D887CD0432B}.Release|x64.ActiveCfg = Release|x64
		{43E95582-82FC-46C5-A7CA-7D887CD0432B}.Release|x64.Build.0 = Release|x64
		{43E95582-82FC-46C5-A7CA-7D887CD0432B}.Release|x86.ActiveCfg = Release|Win32
		{43E95582-82FC-46C5-A7CA-7D887CD0432B}.Release|x86.Build.0 = Release|Win32
		{A4198B71-D72C-4C1A-9FA2-6A2A1290C0E7}.Debug|x64.ActiveCfg = Debug|x64
		{A4198B71-D72C-4C1A-9FA2-6A2A1290C0E7}.Debug|x64.Build.0 = Debug|x64
		{A4198B71-D72C-4C1A-9FA2-6A2A1290C0E7}.Debug|x86.ActiveCfg = Debug|Win32
		{A4198B71-D72C-4C1A-9FA2-6A2A1290C0E7}.Debug|x86.Build.0 = Debug|Win32
		{A4198B71-D72C-4C1A-9FA2-6A2A1290C0E7}.Release|x64.ActiveCfg = Release|x64
		{A4198B71-D72C-4C1A-9FA2-6A2A1290C0E7}.Release|x64.Build.0 = Release|x64
		{A4198B71-D72C-4C1A-9FA2-6A2A1290C0E7}.Release|x86.ActiveCfg = Release|Win32
		{A4198B71-D72C-4C1A-9FA2-6A2A1290C0E7}.Release|x86.Build.0 = Release|Win32
		{25420802-CA45-42A3-9D95-42F2A0BD9D5B}.Debug|x64.ActiveCfg = Debug|x64
		{25420802-CA45-42A3-9D95-42F2A0BD9D5B}.Debug|x64.Build.0 = Debug|x64
		{25420802-CA45-42A3-9D95-42F2A0BD9D5B}.Debug|x86.ActiveCfg = Debug|Win32
		{25420802-CA45-42A3-9D95-42F2A0BD9D5B}.Debug|x86.Build.0 = Debug|Win32
		{25420802-CA45-42A3-9D95-42F2A0BD9D5B}.Release|x64.ActiveCfg = Release|x64
		{25420802-CA45-42A3-9D95-42F2A0BD9D5B}.Release|x64.Build.0 = Release|x64
		{25420802-CA45-42A3-9D95-42F2A0BD9D5B}.Release|x86.ActiveCfg = Release|Win32
		{25420802-CA45-42A3-9D95-42F2A0BD9D5B}.Release|x86.Build.0 = Release|Win32
		{C01F45AA-4D17-4F5E-8A65-81CC34F5FC66}.Debug|x64.ActiveCfg = Debug|x64
		{C01F45AA-4D17-4F5E-8A65-81CC34F5FC66}.Debug|x64.Build.0 = Debug|x64
		{C01F45AA-4D17-4F5E-8A65-81CC34F5FC66}.Debug|x86.ActiveCfg = Debug|Win32
		{C01F45AA-4D17-4F5E-8A65-81CC34F5FC66}.Debug|x86.Build.0 = Debug|Win32
		{C01F45AA-4D17-4F5E-8A65-81CC34F5FC66}.Release|x64.ActiveCfg = Release|x64
		{C01F45AA-4D17-4F5E-8A65-81CC34F5FC66}.Release|x64.Build.0 = Release|x64
		{C01F45AA-4D17-4F5E-8A65-81CC34F5FC66}.Release|x86.ActiveCfg = Release|Win32
		{C01F45AA-4D17-4F5E-8A65-81CC34F5FC66}.Release|x86.Build.0 = Release|Win32
		{8143011A-3EE0-43E8-863D-52E8FD3AF19A}.Debug|x64.ActiveCfg = Debug|x64
		{8143011A-3EE0-43E8-863D-52E8FD3AF19A}.Debug|x64.Build.0 = Debug|x64
		{8143011A-3EE0-43E8-863D-52E8FD3AF19A}.Debug|x86.ActiveCfg = Debug|Win32
		{8143011A-3EE0-43E8-863D-52E8FD3AF19A}.Debug|x86.Build.0 = Debug|Win32
		{8143011A-3EE0-43E8-863D-52E8FD3AF19A}.Release|x64.ActiveCfg = Release|x64
		{8143011A-3EE0-43E8-863D-52E8FD3AF19A}.Release|x64.Build.0 = Release|x64
		{8143011A-3EE0-43E8-863D-52E8FD3AF19A}.Release|x86.ActiveCfg = Release|Win32
		{8143011A-3EE0-43E8-863D-52E8FD3AF19A}.Release|x86.Build.0 = Release|Win32
	EndGlobalSection
	GlobalSection(SolutionProperties) = preSolution
		HideSolutionNode = FALSE
	EndGlobalSection
	GlobalSection(NestedProjects) = preSolution
		{43E95582-82FC-46C5-A7CA-7D887CD0432B} = {7778518A-0FA1-49A5-B582-664717C17772}
		{A4198B71-D72C-4C1A-9FA2-6A2A1290C0E7} = {2BC5F6D3-6DD5-463A-BEFA-B689C699D9B7}
		{25420802-CA45-42A3-9D95-42F2A0BD9D5B} = {4E1F5DC8-CB2C-4833-9DB8-200D51D0ECFF}
		{C01F45AA-4D17-4F5E-8A65-81CC34F5FC66} = {8CC31B61-91A3-4EE2-BA56-A729145DE7E1}
		{8143011A-3EE0-43E8-863D-52E8FD3AF19A} = {6F281657-CC13-43F0-A2B7-DB8B4027DA55}
	EndGlobalSection
	GlobalSection(ExtensibilityGlobals) = postSolution
		SolutionGuid = {B20A47F6-20FB-4607-AE04-6C109C1778C3}
	EndGlobalSection
EndGlobal
